
Microsoft Visual Studio Solution File, Format Version 12.00
# Visual Studio Version 17
VisualStudioVersion = 17.14.36811.4 d17.14
MinimumVisualStudioVersion = 10.0.40219.1
Project("{FAE04EC0-301F-11D3-BF4B-00C04F79EFBC}") = "ThuHocPhi.Web", "ThuHocPhi.Web.csproj", "{6D9D2ACD-0BDE-4D6A-BC11-6CDA89AA7203}"
EndProject
Project("{FAE04EC0-301F-11D3-BF4B-00C04F79EFBC}") = "ThuHocPhi.Domain", "..\ThuHocPhi.Domain\ThuHocPhi.Domain.csproj", "{D281C58E-184F-47E9-BE62-AA5D4A73A49E}"
EndProject
Project("{FAE04EC0-301F-11D3-BF4B-00C04F79EFBC}") = "ThuHocPhi.Application", "..\ThuHocPhi.Application\ThuHocPhi.Application.csproj", "{DEA4AD70-8F31-4106-BC32-B416A9330D45}"
EndProject
Project("{FAE04EC0-301F-11D3-BF4B-00C04F79EFBC}") = "ThuHocPhi.Infrastructure", "..\ThuHocPhi.Infrastructure\ThuHocPhi.Infrastructure.csproj", "{F254FCC8-03E0-4516-8FD7-12A687F2C13D}"
EndProject
Global
	GlobalSection(SolutionConfigurationPlatforms) = preSolution
		Debug|Any CPU = Debug|Any CPU
		Release|Any CPU = Release|Any CPU
	EndGlobalSection
	GlobalSection(ProjectConfigurationPlatforms) = postSolution
		{6D9D2ACD-0BDE-4D6A-BC11-6CDA89AA7203}.Debug|Any CPU.ActiveCfg = Debug|Any CPU
		{6D9D2ACD-0BDE-4D6A-BC11-6CDA89AA7203}.Debug|Any CPU.Build.0 = Debug|Any CPU
		{6D9D2ACD-0BDE-4D6A-BC11-6CDA89AA7203}.Release|Any CPU.ActiveCfg = Release|Any CPU
		{6D9D2ACD-0BDE-4D6A-BC11-6CDA89AA7203}.Release|Any CPU.Build.0 = Release|Any CPU
		{D281C58E-184F-47E9-BE62-AA5D4A73A49E}.Debug|Any CPU.ActiveCfg = Debug|Any CPU
		{D281C58E-184F-47E9-BE62-AA5D4A73A49E}.Debug|Any CPU.Build.0 = Debug|Any CPU
		{D281C58E-184F-47E9-BE62-AA5D4A73A49E}.Release|Any CPU.ActiveCfg = Release|Any CPU
		{D281C58E-184F-47E9-BE62-AA5D4A73A49E}.Release|Any CPU.Build.0 = Release|Any CPU
		{DEA4AD70-8F31-4106-BC32-B416A9330D45}.Debug|Any CPU.ActiveCfg = Debug|Any CPU
		{DEA4AD70-8F31-4106-BC32-B416A9330D45}.Debug|Any CPU.Build.0 = Debug|Any CPU
		{DEA4AD70-8F31-4106-BC32-B416A9330D45}.Release|Any CPU.ActiveCfg = Release|Any CPU
		{DEA4AD70-8F31-4106-BC32-B416A9330D45}.Release|Any CPU.Build.0 = Release|Any CPU
		{F254FCC8-03E0-4516-8FD7-12A687F2C13D}.Debug|Any CPU.ActiveCfg = Debug|Any CPU
		{F254FCC8-03E0-4516-8FD7-12A687F2C13D}.Debug|Any CPU.Build.0 = Debug|Any CPU
		{F254FCC8-03E0-4516-8FD7-12A687F2C13D}.Release|Any CPU.ActiveCfg = Release|Any CPU
		{F254FCC8-03E0-4516-8FD7-12A687F2C13D}.Release|Any CPU.Build.0 = Release|Any CPU
	EndGlobalSection
	GlobalSection(SolutionProperties) = preSolution
		HideSolutionNode = FALSE
	EndGlobalSection
	GlobalSection(ExtensibilityGlobals) = postSolution
		SolutionGuid = {B485FB53-09B2-4288-8F1D-84BD63880ABF}
	EndGlobalSection
EndGlobal
